version: 7
platforms:
- name: linux-64
  virtual-packages:
  - __unix=0=0
  - __linux=4.18
  - __glibc=2.28
  - __archspec=0=x86_64
environments:
  default:
    channels:
    - url: https://conda.anaconda.org/conda-forge/
    packages:
      linux-64:
      - conda: https://conda.anaconda.org/conda-forge/linux-64/_openmp_mutex-4.5-20_gnu.conda
      - conda: https://conda.anaconda.org/conda-forge/linux-64/alsa-lib-1.2.16.1-h7cc23a3_1.conda
      - conda: https://conda.anaconda.org/conda-forge/linux-64/at-spi2-atk-2.38.0-h0630a04_3.tar.bz2
      - conda: https://conda.anaconda.org/conda-forge/linux-64/at-spi2-core-2.40.3-h0630a04_0.tar.bz2
      - conda: https://conda.anaconda.org/conda-forge/linux-64/atk-1.0-2.38.0-h04ea711_2.conda
      - conda: https://conda.anaconda.org/conda-forge/linux-64/bzip2-1.0.8-hda65f42_10.conda
      - conda: https://conda.anaconda.org/conda-forge/linux-64/dbus-1.16.2-he8c428d_2.conda
      - conda: https://conda.anaconda.org/conda-forge/linux-64/glib-2.88.3-h52e820b_2.conda
      - conda: https://conda.anaconda.org/conda-forge/linux-64/glib-tools-2.88.3-h67ed8a3_2.conda
      - conda: https://conda.anaconda.org/conda-forge/linux-64/icu-78.3-py310h44b86e0_2.conda
      - conda: https://conda.anaconda.org/conda-forge/linux-64/ld_impl_linux-64-2.46.1-default_hbd61a6d_102.conda
      - conda: https://conda.anaconda.org/conda-forge/linux-64/libdrm-2.4.129-h7cc23a3_0.conda
      - conda: https://conda.anaconda.org/conda-forge/linux-64/libexpat-2.8.1-hecca717_1.conda
      - conda: https://conda.anaconda.org/conda-forge/linux-64/libffi-3.7.0-h81df57d_1.conda
      - conda: https://conda.anaconda.org/conda-forge/linux-64/libgbm-1.0.8-h54a6638_0.conda
      - conda: https://conda.anaconda.org/conda-forge/linux-64/libgcc-16.2.0-ha9f2e26_4.conda
      - conda: https://conda.anaconda.org/conda-forge/linux-64/libgcc-ng-16.2.0-h69a702a_4.conda
      - conda: https://conda.anaconda.org/conda-forge/linux-64/libglib-2.88.3-he503a2a_2.conda
      - conda: https://conda.anaconda.org/conda-forge/linux-64/libgomp-16.2.0-he0feb66_4.conda
      - conda: https://conda.anaconda.org/conda-forge/linux-64/libiconv-1.18-h0cb94f2_3.conda
      - conda: https://conda.anaconda.org/conda-forge/linux-64/liblzma-5.8.3-hb03c661_1.conda
      - conda: https://conda.anaconda.org/conda-forge/linux-64/libmpdec-4.0.0-hb03c661_2.conda
      - conda: https://conda.anaconda.org/conda-forge/linux-64/libpciaccess-0.19-hb03c661_1.conda
      - conda: https://conda.anaconda.org/conda-forge/linux-64/libpython-3.14.7-hdc7f604_106_cp314.conda
      - conda: https://conda.anaconda.org/conda-forge/linux-64/libsqlite-3.53.4-h13e7031_1.conda
      - conda: https://conda.anaconda.org/conda-forge/linux-64/libstdcxx-16.2.0-h934c35e_4.conda
      - conda: https://conda.anaconda.org/conda-forge/linux-64/libstdcxx-ng-16.2.0-hdf11a46_4.conda
      - conda: https://conda.anaconda.org/conda-forge/linux-64/libuuid-2.42.3-hcfc3c73_0.conda
      - conda: https://conda.anaconda.org/conda-forge/linux-64/libxcb-1.17.0-hb83e432_2.conda
      - conda: https://conda.anaconda.org/conda-forge/linux-64/libxkbcommon-1.13.2-h51789e4_1.conda
      - conda: https://conda.anaconda.org/conda-forge/linux-64/libxml2-16-2.15.3-hca6bf5a_1.conda
      - conda: https://conda.anaconda.org/conda-forge/linux-64/libxml2-2.15.3-h49c6c72_1.conda
      - conda: https://conda.anaconda.org/conda-forge/linux-64/libzlib-1.3.2-h25fd6f3_3.conda
      - conda: https://conda.anaconda.org/conda-forge/linux-64/ncurses-6.6-hdb14827_1.conda
      - conda: https://conda.anaconda.org/conda-forge/linux-64/nspr-4.40-h29cc59b_0.conda
      - conda: https://conda.anaconda.org/conda-forge/linux-64/nss-3.118-h445c969_0.conda
      - conda: https://conda.anaconda.org/conda-forge/linux-64/openssl-3.6.4-h781a0a9_0.conda
      - conda: https://conda.anaconda.org/conda-forge/linux-64/pcre2-10.47-h8b3dc9c_1.conda
      - conda: https://conda.anaconda.org/conda-forge/linux-64/pthread-stubs-0.4-h7cc23a3_1004.conda
      - conda: https://conda.anaconda.org/conda-forge/linux-64/python-3.14.7-hcd007b5_106_cp314.conda
      - conda: https://conda.anaconda.org/conda-forge/linux-64/readline-8.3-hd6e31c0_1.conda
      - conda: https://conda.anaconda.org/conda-forge/linux-64/tk-8.6.13-noxft_h1df4ec4_4.conda
      - conda: https://conda.anaconda.org/conda-forge/linux-64/xkeyboard-config-2.48-h280c20c_0.conda
      - conda: https://conda.anaconda.org/conda-forge/linux-64/xorg-libpthread-stubs-0.3-1.tar.bz2
      - conda: https://conda.anaconda.org/conda-forge/linux-64/xorg-libx11-1.8.13-he1eb515_1.conda
      - conda: https://conda.anaconda.org/conda-forge/linux-64/xorg-libxau-1.0.12-hb03c661_2.conda
      - conda: https://conda.anaconda.org/conda-forge/linux-64/xorg-libxcb-1.12-3.tar.bz2
      - conda: https://conda.anaconda.org/conda-forge/linux-64/xorg-libxcomposite-0.4.7-hb03c661_0.conda
      - conda: https://conda.anaconda.org/conda-forge/linux-64/xorg-libxdamage-1.1.6-hb9d3cd8_0.conda
      - conda: https://conda.anaconda.org/conda-forge/linux-64/xorg-libxdmcp-1.1.5-hb03c661_2.conda
      - conda: https://conda.anaconda.org/conda-forge/linux-64/xorg-libxext-1.3.7-h7cc23a3_1.conda
      - conda: https://conda.anaconda.org/conda-forge/linux-64/xorg-libxfixes-6.0.2-h7cc23a3_1.conda
      - conda: https://conda.anaconda.org/conda-forge/linux-64/xorg-libxi-1.8.3-h7cc23a3_1.conda
      - conda: https://conda.anaconda.org/conda-forge/linux-64/xorg-libxrandr-1.5.5-h7cc23a3_1.conda
      - conda: https://conda.anaconda.org/conda-forge/linux-64/xorg-libxrender-0.9.12-hb03c661_1.conda
      - conda: https://conda.anaconda.org/conda-forge/linux-64/xorg-libxtst-1.2.5-h7cc23a3_4.conda
      - conda: https://conda.anaconda.org/conda-forge/linux-64/zstd-1.5.7-hb78ec9c_7.conda
      - conda: https://conda.anaconda.org/conda-forge/noarch/ca-certificates-2026.7.22-hbd8a1cb_0.conda
      - conda: https://conda.anaconda.org/conda-forge/noarch/packaging-26.3-pyhc364b38_0.conda
      - conda: https://conda.anaconda.org/conda-forge/noarch/python_abi-3.14-9_cp314.conda
      - conda: https://conda.anaconda.org/conda-forge/noarch/tzdata-2026c-h151e31d_0.conda
packages:
- conda: https://conda.anaconda.org/conda-forge/linux-64/_openmp_mutex-4.5-20_gnu.conda
  build_number: 20
  sha256: 1dd3fffd892081df9726d7eb7e0dea6198962ba775bd88842135a4ddb4deb3c9
  md5: a9f577daf3de00bca7c3c76c0ecbd1de
  depends:
  - __glibc >=2.17,<3.0.a0
  - libgomp >=7.5.0
  constrains:
  - openmp_impl <0.0a0
  license: BSD-3-Clause
  license_family: BSD
  run_exports:
    strong:
    - _openmp_mutex >=4.5
  size: 28948
  timestamp: 1770939786096
- conda: https://conda.anaconda.org/conda-forge/linux-64/alsa-lib-1.2.16.1-h7cc23a3_1.conda
  sha256: a35bddac04be093769e81814465a537961c6ed0f8d3cc23d6dce6ecdfaf71821
  md5: 7094e0d8d14de0eff6d83f0d2f1f661e
  depends:
  - __glibc >=2.17,<3.0.a0
  - libgcc >=15
  license: LGPL-2.1-or-later
  license_family: LGPL
  run_exports:
    weak:
    - alsa-lib >=1.2.16.1,<1.3.0a0
  size: 594986
  timestamp: 1787763412911
- conda: https://conda.anaconda.org/conda-forge/linux-64/at-spi2-atk-2.38.0-h0630a04_3.tar.bz2
  sha256: 26ab9386e80bf196e51ebe005da77d57decf6d989b4f34d96130560bc133479c
  md5: 6b889f174df1e0f816276ae69281af4d
  depends:
  - at-spi2-core >=2.40.0,<2.41.0a0
  - atk-1.0 >=2.36.0
  - dbus >=1.13.6,<2.0a0
  - libgcc-ng >=9.3.0
  - libglib >=2.68.1,<3.0a0
  license: LGPL-2.1-or-later
  license_family: LGPL
  run_exports:
    weak:
    - at-spi2-atk >=2.38.0,<3.0a0
  size: 339899
  timestamp: 1619122953439
- conda: https://conda.anaconda.org/conda-forge/linux-64/at-spi2-core-2.40.3-h0630a04_0.tar.bz2
  sha256: c4f9b66bd94c40d8f1ce1fad2d8b46534bdefda0c86e3337b28f6c25779f258d
  md5: 8cb2fc4cd6cc63f1369cfa318f581cc3
  depends:
  - dbus >=1.13.6,<2.0a0
  - libgcc-ng >=9.3.0
  - libglib >=2.68.3,<3.0a0
  - xorg-libx11
  - xorg-libxi
  - xorg-libxtst
  license: LGPL-2.1-or-later
  license_family: LGPL
  run_exports:
    weak:
    - at-spi2-core >=2.40.3,<2.41.0a0
  size: 658390
  timestamp: 1625848454791
- conda: https://conda.anaconda.org/conda-forge/linux-64/atk-1.0-2.38.0-h04ea711_2.conda
  sha256: df682395d05050cd1222740a42a551281210726a67447e5258968dd55854302e
  md5: f730d54ba9cd543666d7220c9f7ed563
  depends:
  - libgcc-ng >=12
  - libglib >=2.80.0,<3.0a0
  - libstdcxx-ng >=12
  constrains:
  - atk-1.0 2.38.0
  license: LGPL-2.0-or-later
  license_family: LGPL
  run_exports:
    weak:
    - atk-1.0 >=2.38.0
  size: 355900
  timestamp: 1713896169874
- conda: https://conda.anaconda.org/conda-forge/linux-64/bzip2-1.0.8-hda65f42_10.conda
  sha256: 1a0d382c515ebf55f8ee1f38c8b81bc95af5c2acc42ad53b66bc5df932032f96
  md5: e675fabcf81499adc7edf58124fb1e01
  depends:
  - __glibc >=2.17,<3.0.a0
  - libgcc >=14
  license: bzip2-1.0.6
  license_family: BSD
  run_exports:
    weak:
    - bzip2 >=1.0.8,<2.0a0
  size: 257808
  timestamp: 1785906269155
- conda: https://conda.anaconda.org/conda-forge/linux-64/dbus-1.16.2-he8c428d_2.conda
  sha256: 87a0a42d4ccc527597eff3234509dfb03e0d9bf67d5e2b6fc758e2ef389d8abe
  md5: a6eb37b51be1a9a654dc3a8aca039b1a
  depends:
  - __glibc >=2.17,<3.0.a0
  - libgcc >=15
  - libstdcxx >=15
  - libexpat >=2.8.1,<3.0a0
  - libzlib >=1.3.2,<2.0a0
  - libglib >=2.88.3,<3.0a0
  license: AFL-2.1 OR GPL-2.0-or-later
  run_exports:
    weak:
    - dbus >=1.16.2,<2.0a0
  size: 449564
  timestamp: 1788197922783
- conda: https://conda.anaconda.org/conda-forge/linux-64/glib-2.88.3-h52e820b_2.conda
  sha256: 769092271d1cb364030595a095da8c9f8020ed2e0b24c6cfa858aed5f0993e80
  md5: ca41c81d5b77d69b494e56578c42ed33
  depends:
  - python *
  - packaging
  - libglib ==2.88.3 he503a2a_2
  - glib-tools ==2.88.3 h67ed8a3_2
  license: LGPL-2.1-or-later
  run_exports:
    weak:
    - libglib >=2.88.3,<3.0a0
  size: 85426
  timestamp: 1787884091247
- conda: https://conda.anaconda.org/conda-forge/linux-64/glib-tools-2.88.3-h67ed8a3_2.conda
  sha256: 966f78753d7f044df52a0b32876580ee15f006e8ec960afa5360c50e66be0fc5
  md5: 5c35ace78b7d630e77efcb37dacb62ae
  depends:
  - libglib ==2.88.3 he503a2a_2
  - libffi
  - __glibc >=2.17,<3.0.a0
  - libgcc >=15
  license: LGPL-2.1-or-later
  run_exports: {}
  size: 236792
  timestamp: 1787884091247
- conda: https://conda.anaconda.org/conda-forge/linux-64/icu-78.3-py310h44b86e0_2.conda
  sha256: 9f07834f0c546ab14d885ce0366285f61f44e326c0edd1fc63b8294e113ae432
  md5: 72a381cbad04f24b1c2a43ef707f45b4
  depends:
  - __glibc >=2.17,<3.0.a0
  - libstdcxx >=14
  - libgcc >=14
  license: MIT
  license_family: MIT
  run_exports:
    weak:
    - icu >=78.3,<79.0a0
  size: 14459115
  timestamp: 1786545741408
- conda: https://conda.anaconda.org/conda-forge/linux-64/ld_impl_linux-64-2.46.1-default_hbd61a6d_102.conda
  sha256: 27d83f1188cd19bcb7754a078b3fa7f4cfb8527f8eb2fde54dd01fc529d1adec
  md5: 449500f2c089da11c40f5c21312e3e07
  depends:
  - __glibc >=2.17,<3.0.a0
  - zstd >=1.5.7,<1.6.0a0
  constrains:
  - binutils_impl_linux-64 2.46.1
  license: GPL-3.0-only
  license_family: GPL
  run_exports: {}
  size: 745303
  timestamp: 1784214507189
- conda: https://conda.anaconda.org/conda-forge/linux-64/libdrm-2.4.129-h7cc23a3_0.conda
  sha256: ea46b0ca0fa16af1f8b329b740e6cd8b4577c5378fa8717b28a885f70668633d
  md5: 64cc91512b6278c315349dc13c53f680
  depends:
  - __glibc >=2.17,<3.0.a0
  - libgcc >=15
  - libpciaccess >=0.19,<0.20.0a0
  license: MIT
  license_family: MIT
  run_exports:
    weak:
    - libdrm >=2.4.129,<2.5.0a0
  size: 313461
  timestamp: 1786684701973
- conda: https://conda.anaconda.org/conda-forge/linux-64/libexpat-2.8.1-hecca717_1.conda
  sha256: 16feffd9ddbbe5b718515d38ee376c685ba95491cd901244e24671d20b952a77
  md5: b24d3c612f71e7aa74158d92106318b2
  depends:
  - __glibc >=2.17,<3.0.a0
  - libgcc >=14
  constrains:
  - expat 2.8.1.*
  license: MIT
  license_family: MIT
  run_exports: {}
  size: 77856
  timestamp: 1781203599810
- conda: https://conda.anaconda.org/conda-forge/linux-64/libffi-3.7.0-h81df57d_1.conda
  sha256: c8c7583ef063bc3c430f1d48298e5ad24f796a35c22ed5b14183325825a61106
  md5: 6525a0b06aa4fd390795f0740636a9dd
  depends:
  - __glibc >=2.17,<3.0.a0
  - libgcc >=15
  license: MIT
  license_family: MIT
  run_exports:
    weak:
    - libffi >=3.7.0,<3.8.0a0
  size: 68004
  timestamp: 1787753412298
- conda: https://conda.anaconda.org/conda-forge/linux-64/libgbm-1.0.8-h54a6638_0.conda
  sha256: 5b1fc2416be3c8b7d488dfc121bbf745664faa6d86d87316510f84d6f4300211
  md5: 434962a716cf319a7f88069a34006fd0
  depends:
  - libgcc >=14
  - libstdcxx >=14
  - __glibc >=2.17,<3.0.a0
  - libdrm >=2.4.127,<2.5.0a0
  license: MIT
  license_family: MIT
  run_exports:
    weak:
    - libgbm >=1.0.8,<1.1.0a0
  size: 33702
  timestamp: 1786252898458
- conda: https://conda.anaconda.org/conda-forge/linux-64/libgcc-16.2.0-ha9f2e26_4.conda
  sha256: 24090e675d34403b4ee1cd4372d8f6c0937da7ecfd66a19a57cac2ed0f4ea793
  md5: cba14d01083fc62ffd32c24d7d390633
  depends:
  - __glibc >=2.17,<3.0.a0
  - _openmp_mutex >=4.5
  constrains:
  - libgcc-ng ==16.2.0=*_4
  - libgomp 16.2.0 he0feb66_4
  license: GPL-3.0-only WITH GCC-exception-3.1
  license_family: GPL
  run_exports: {}
  size: 1058083
  timestamp: 1787618680111
- conda: https://conda.anaconda.org/conda-forge/linux-64/libgcc-ng-16.2.0-h69a702a_4.conda
  sha256: d8e66c14e23f2b3c70410cff5979d9d357e6edfb990b28d8e630852f4d395629
  md5: b3e52878163a841f6fb951989cc0b217
  depends:
  - libgcc 16.2.0 ha9f2e26_4
  license: GPL-3.0-only WITH GCC-exception-3.1
  license_family: GPL
  run_exports:
    strong:
    - libgcc
  size: 28403
  timestamp: 1787618684957
- conda: https://conda.anaconda.org/conda-forge/linux-64/libglib-2.88.3-he503a2a_2.conda
  sha256: af6c14f387f810c5df491b328ae955329596d3bc73b1e2e091ab5adb46a10759
  md5: 533d342dedadf134c67760ce6fc5b748
  depends:
  - __glibc >=2.17,<3.0.a0
  - libgcc >=15
  - pcre2 >=10.47,<10.48.0a0
  - libzlib >=1.3.2,<2.0a0
  - libiconv >=1.18,<2.0a0
  - libffi >=3.7.0,<3.8.0a0
  constrains:
  - glib >2.66
  license: LGPL-2.1-or-later
  run_exports:
    weak:
    - libglib >=2.88.3,<3.0a0
  size: 4758097
  timestamp: 1787884091247
- conda: https://conda.anaconda.org/conda-forge/linux-64/libgomp-16.2.0-he0feb66_4.conda
  sha256: 0fe5cb8e0752241ab55e11656ed1b9726248b522d23b929fe7c95b83eb55b9bb
  md5: 89d2c1231f47bd818f5d624b9411459d
  depends:
  - __glibc >=2.17,<3.0.a0
  license: GPL-3.0-only WITH GCC-exception-3.1
  license_family: GPL
  run_exports:
    strong:
    - _openmp_mutex >=4.5
  size: 639968
  timestamp: 1787618616266
- conda: https://conda.anaconda.org/conda-forge/linux-64/libiconv-1.18-h0cb94f2_3.conda
  sha256: f943117edb9cd4d9c61cc972eee5a34291dc55ea7a6e9e38da104995841cbcb6
  md5: f92233bf33e24a25668bb2119e2c51f9
  depends:
  - __glibc >=2.17,<3.0.a0
  - libgcc >=15
  license: LGPL-2.1-only
  run_exports:
    weak:
    - libiconv >=1.18,<2.0a0
  size: 789471
  timestamp: 1787033836207
- conda: https://conda.anaconda.org/conda-forge/linux-64/liblzma-5.8.3-hb03c661_1.conda
  sha256: 9787df8c22a59c9a70d3e5a10db9ad663485e75e9ccc3f09bd092cb7b95e0dab
  md5: 1390b7c5ac0b1d8e447bc5efa6d3c8c2
  depends:
  - __glibc >=2.17,<3.0.a0
  - libgcc >=14
  constrains:
  - xz 5.8.3.*
  license: 0BSD
  run_exports:
    weak:
    - liblzma >=5.8.3,<6.0a0
  size: 112995
  timestamp: 1786348617826
- conda: https://conda.anaconda.org/conda-forge/linux-64/libmpdec-4.0.0-hb03c661_2.conda
  sha256: 46820b4a835e175940ae20bec00fdddaff804cda27a1408ab1b95e77a2196437
  md5: fcfed1dc5053eb1901b66e7b1fc32588
  depends:
  - __glibc >=2.17,<3.0.a0
  - libgcc >=14
  license: BSD-2-Clause
  license_family: BSD
  run_exports: {}
  size: 92759
  timestamp: 1786650399772
- conda: https://conda.anaconda.org/conda-forge/linux-64/libpciaccess-0.19-hb03c661_1.conda
  sha256: addc80c69d362a9e6c40305c493139a8e9ee504b2f45a6687dbdaa9da3c6183c
  md5: 35fa2b34bbced424e6976d30f5fde576
  depends:
  - __glibc >=2.17,<3.0.a0
  - libgcc >=14
  license: MIT
  license_family: MIT
  run_exports:
    weak:
    - libpciaccess >=0.19,<0.20.0a0
  size: 30070
  timestamp: 1785971678815
- conda: https://conda.anaconda.org/conda-forge/linux-64/libpython-3.14.7-hdc7f604_106_cp314.conda
  build_number: 106
  sha256: 5f879892bd439c3d94f4a97b06c214b9a19c4b92f74d84f0305c6ca1b2b239b2
  md5: 28af2158bb8dbb62e55b0af3b44f9d4a
  depends:
  - __glibc >=2.17,<3.0.a0
  - libgcc >=15
  - libstdcxx >=15
  license: Python-2.0
  run_exports: {}
  size: 10520530
  timestamp: 1788383918299
- conda: https://conda.anaconda.org/conda-forge/linux-64/libsqlite-3.53.4-h13e7031_1.conda
  sha256: f20d70da54e5b31dd4a51fb1efeaafafd5ab6dd8d7ac9d1438eaa2526ac4ed3d
  md5: e72bbec309c2b0f37823ee7d4fabfcd3
  depends:
  - __glibc >=2.17,<3.0.a0
  - icu >=78.3,<79.0a0
  - libgcc >=15
  - libzlib >=1.3.2,<2.0a0
  license: blessing
  run_exports:
    weak:
    - libsqlite >=3.53.4,<4.0a0
  size: 974348
  timestamp: 1787051145557
- conda: https://conda.anaconda.org/conda-forge/linux-64/libstdcxx-16.2.0-h934c35e_4.conda
  sha256: 40b792b0186c1e8859280a1f6f19a54fc50a11b32724fc7b637009c1a9bd302b
  md5: 2f2ef0d96de5bdd8c1270ff22fdf9352
  depends:
  - __glibc >=2.17,<3.0.a0
  - libgcc 16.2.0 ha9f2e26_4
  constrains:
  - libstdcxx-ng ==16.2.0=*_4
  license: GPL-3.0-only WITH GCC-exception-3.1
  license_family: GPL
  run_exports: {}
  size: 6613148
  timestamp: 1787618704262
- conda: https://conda.anaconda.org/conda-forge/linux-64/libstdcxx-ng-16.2.0-hdf11a46_4.conda
  sha256: 4cdebd87b76cf53a58a08ebd6d15336daa79c5f0aa34d83a895ac503c0203632
  md5: de0dceacf3e33c5fc88e167885dc8274
  depends:
  - libstdcxx 16.2.0 h934c35e_4
  license: GPL-3.0-only WITH GCC-exception-3.1
  license_family: GPL
  run_exports:
    strong:
    - libstdcxx
  size: 28459
  timestamp: 1787618737021
- conda: https://conda.anaconda.org/conda-forge/linux-64/libuuid-2.42.3-hcfc3c73_0.conda
  sha256: aa58bbba56644ffd062a4a9b358782c5eb7560ccead2ab8f7c5c6ede0a7d33a6
  md5: 74a0a409d9f4561265d36b789d3f398a
  depends:
  - __glibc >=2.17,<3.0.a0
  - libgcc >=15
  license: BSD-3-Clause
  license_family: BSD
  run_exports:
    weak:
    - libuuid >=2.42.3,<3.0a0
  size: 39998
  timestamp: 1788347719520
- conda: https://conda.anaconda.org/conda-forge/linux-64/libxcb-1.17.0-hb83e432_2.conda
  sha256: 7b49e6fd2a584b7f072943e6adf4149677af5121246975278804782d37752837
  md5: 61f0ffba9161cbb3a77722869b21e4bb
  depends:
  - __glibc >=2.17,<3.0.a0
  - libgcc >=15
  - pthread-stubs
  - xorg-libxau >=1.0.12,<2.0a0
  - xorg-libxdmcp >=1.1.5,<2.0a0
  license: MIT
  license_family: MIT
  run_exports:
    weak:
    - libxcb >=1.17.0,<2.0a0
  size: 395120
  timestamp: 1787885788278
- conda: https://conda.anaconda.org/conda-forge/linux-64/libxkbcommon-1.13.2-h51789e4_1.conda
  sha256: d44878d396713ccf3b355df617f61c40a1442fffcf134392bc6ce0e6c2219369
  md5: f888787e0eab7a8076a67d197e155ffc
  depends:
  - xkeyboard-config
  - libstdcxx >=14
  - libgcc >=14
  - __glibc >=2.17,<3.0.a0
  - libxcb >=1.17.0,<2.0a0
  - xorg-libxau >=1.0.12,<2.0a0
  - libxml2
  - libxml2-16 >=2.14.6
  license: MIT AND MIT-open-group AND HPND AND HPND-sell-variant AND ISC
  run_exports:
    weak:
    - libxkbcommon >=1.13.2,<2.0a0
  size: 942571
  timestamp: 1787178780572
- conda: https://conda.anaconda.org/conda-forge/linux-64/libxml2-16-2.15.3-hca6bf5a_1.conda
  sha256: 087d4de023f22d6a28b9e1b818961dd41e9bda6e9793590600ff16ca150bf9cb
  md5: 20e4d67ec908f0405124f11612c48305
  depends:
  - __glibc >=2.17,<3.0.a0
  - icu >=78.3,<79.0a0
  - libgcc >=14
  - libiconv >=1.18,<2.0a0
  - liblzma >=5.8.3,<6.0a0
  - libzlib >=1.3.2,<2.0a0
  constrains:
  - libxml2 2.15.3
  license: MIT
  license_family: MIT
  run_exports: {}
  size: 559721
  timestamp: 1787237579170
- conda: https://conda.anaconda.org/conda-forge/linux-64/libxml2-2.15.3-h49c6c72_1.conda
  sha256: a16a576a5844a3a0e1cdfc5e162b9fe9c64dccf6a93f44c293bb42851aebe2b4
  md5: 2d34cdb31014cbc8f1e9384c89ede0a5
  depends:
  - __glibc >=2.17,<3.0.a0
  - icu >=78.3,<79.0a0
  - libgcc >=14
  - libiconv >=1.18,<2.0a0
  - liblzma >=5.8.3,<6.0a0
  - libxml2-16 2.15.3 hca6bf5a_1
  - libzlib >=1.3.2,<2.0a0
  license: MIT
  license_family: MIT
  run_exports:
    weak:
    - libxml2
    - libxml2-16 >=2.15.3
  size: 46203
  timestamp: 1787237584107
- conda: https://conda.anaconda.org/conda-forge/linux-64/libzlib-1.3.2-h25fd6f3_3.conda
  sha256: eb8a0db0aa570124f7d2a93d7c7f596e3390df5e047818d873baad32985fc736
  md5: 0de0122d9570a8ab637c6b73db268389
  depends:
  - __glibc >=2.17,<3.0.a0
  constrains:
  - zlib 1.3.2 *_3
  license: Zlib
  license_family: Other
  run_exports:
    weak:
    - libzlib >=1.3.2,<2.0a0
  size: 63713
  timestamp: 1785362952714
- conda: https://conda.anaconda.org/conda-forge/linux-64/ncurses-6.6-hdb14827_1.conda
  sha256: 5d46557214ed184381dafe835b7c94a474a1c3b307a08a250b1ea4779b44ffb3
  md5: ee6c0cd80a60961a1f48aa3e0b91f986
  depends:
  - __glibc >=2.17,<3.0.a0
  - libgcc >=14
  license: X11 AND BSD-3-Clause
  run_exports:
    weak:
    - ncurses >=6.6,<7.0a0
  size: 911196
  timestamp: 1786355078102
- conda: https://conda.anaconda.org/conda-forge/linux-64/nspr-4.40-h29cc59b_0.conda
  sha256: 7cf473259ef9945ce19ecc898a2dd146cd32dc86099d87b86f79c5e5b0ef55f0
  md5: 4ebda462e16da6e6164cb82b9d58fcea
  depends:
  - __glibc >=2.17,<3.0.a0
  - libgcc >=14
  - libstdcxx >=14
  license: MPL-2.0
  license_family: MOZILLA
  run_exports:
    weak:
    - nspr >=4.40,<5.0a0
  size: 231356
  timestamp: 1786154777346
- conda: https://conda.anaconda.org/conda-forge/linux-64/nss-3.118-h445c969_0.conda
  sha256: 44dd98ffeac859d84a6dcba79a2096193a42fc10b29b28a5115687a680dd6aea
  md5: 567fbeed956c200c1db5782a424e58ee
  depends:
  - __glibc >=2.17,<3.0.a0
  - libgcc >=14
  - libsqlite >=3.51.0,<4.0a0
  - libstdcxx >=14
  - libzlib >=1.3.1,<2.0a0
  - nspr >=4.38,<5.0a0
  license: MPL-2.0
  license_family: MOZILLA
  run_exports:
    weak:
    - nss >=3.118,<4.0a0
  size: 2057773
  timestamp: 1763485556350
- conda: https://conda.anaconda.org/conda-forge/linux-64/openssl-3.6.4-h781a0a9_0.conda
  sha256: 4747b2d6a8336f52343bceb8a1ebf41a9e6e665b9d2e3f989972de53a310599e
  md5: 16e3034a330cc625f2c685edec60cf4e
  depends:
  - __glibc >=2.17,<3.0.a0
  - ca-certificates
  - libgcc >=15
  license: Apache-2.0
  license_family: Apache
  run_exports:
    weak:
    - openssl >=3.6.4,<4.0a0
  size: 3202955
  timestamp: 1787698780103
- conda: https://conda.anaconda.org/conda-forge/linux-64/pcre2-10.47-h8b3dc9c_1.conda
  sha256: 9ebb10a4eb3be51ae67d85c679f5a7a50cb040ed25c783e6331a225ea09991d4
  md5: 06f6113cf1ff4a54b65f87ead132a5f1
  depends:
  - __glibc >=2.17,<3.0.a0
  - bzip2 >=1.0.8,<2.0a0
  - libgcc >=15
  - libzlib >=1.3.2,<2.0a0
  license: BSD-3-Clause
  license_family: BSD
  run_exports:
    weak:
    - pcre2 >=10.47,<10.48.0a0
  size: 1218833
  timestamp: 1787294571916
- conda: https://conda.anaconda.org/conda-forge/linux-64/pthread-stubs-0.4-h7cc23a3_1004.conda
  sha256: 4a44fd00ea73b79ca2c89b0727b9ccf61c506ead71e67a9abfa4c590042b5a4a
  md5: bb66b610707b811e3c65181a6431e7a8
  depends:
  - __glibc >=2.17,<3.0.a0
  - libgcc >=15
  license: MIT
  license_family: MIT
  run_exports: {}
  size: 9630
  timestamp: 1788381877753
- conda: https://conda.anaconda.org/conda-forge/linux-64/python-3.14.7-hcd007b5_106_cp314.conda
  build_number: 106
  sha256: 4cd05407d6b07d00fd5b6cc78bd2f60ae5e21f777eb26ead82be2e3751c610a1
  md5: 56ee91e118243e46bfc0c41e4030d354
  depends:
  - __glibc >=2.17,<3.0.a0
  - bzip2 >=1.0.8,<2.0a0
  - ld_impl_linux-64 >=2.36.1
  - libexpat >=2.8.1,<3.0a0
  - libffi >=3.7.0,<3.8.0a0
  - libgcc >=15
  - liblzma >=5.8.3,<6.0a0
  - libmpdec >=4.0.0,<5.0a0
  - libpython 3.14.7 hdc7f604_106_cp314
  - libsqlite >=3.53.4,<4.0a0
  - libuuid >=2.42.3,<3.0a0
  - libzlib >=1.3.2,<2.0a0
  - ncurses >=6.6,<7.0a0
  - openssl >=3.5.8,<4.0a0
  - python_abi 3.14.* *_cp314
  - readline >=8.3,<9.0a0
  - tk >=8.6.13,<8.7.0a0
  - tzdata
  - zstd >=1.5.7,<1.6.0a0
  license: Python-2.0
  run_exports:
    weak:
    - python_abi 3.14.* *_cp314
    noarch:
    - python
  size: 26484459
  timestamp: 1788383955577
  python_site_packages_path: lib/python3.14/site-packages
- conda: https://conda.anaconda.org/conda-forge/linux-64/readline-8.3-hd6e31c0_1.conda
  sha256: 01b3fe073a66e321970d09e04b388708f8cbdca5cdfbfcb7c9eeb470ad10383d
  md5: 69c01c781e7c8190bbdaf79e3848c5ca
  depends:
  - __glibc >=2.17,<3.0.a0
  - libgcc >=15
  - ncurses >=6.6,<7.0a0
  license: GPL-3.0-only
  license_family: GPL
  run_exports:
    weak:
    - readline >=8.3,<9.0a0
  size: 348899
  timestamp: 1787033801506
- conda: https://conda.anaconda.org/conda-forge/linux-64/tk-8.6.13-noxft_h1df4ec4_4.conda
  build_number: 104
  sha256: a1a241d172c1ccab067ba245206dd048bc3c2d1b84504b53c9468e99adfc16a1
  md5: 676a2f9b1c4fcf57b70aa5c65f6c60d0
  depends:
  - libgcc >=15
  - __glibc >=2.17,<3.0.a0
  - libzlib >=1.3.2,<2.0a0
  constrains:
  - xorg-libx11 >=1.8.13,<2.0a0
  license: TCL
  run_exports:
    weak:
    - tk >=8.6.13,<8.7.0a0
  size: 3566806
  timestamp: 1787272857910
- conda: https://conda.anaconda.org/conda-forge/linux-64/xkeyboard-config-2.48-h280c20c_0.conda
  sha256: 3b04afd5d1a65d2d27ac2d49a63b01ab8bcd875776779ec63e337370ed38afdc
  md5: b233b41be0bf210989d57160ed39b394
  depends:
  - libgcc >=14
  - __glibc >=2.17,<3.0.a0
  - xorg-libx11 >=1.8.13,<2.0a0
  license: MIT
  license_family: MIT
  run_exports: {}
  size: 441670
  timestamp: 1782027360439
- conda: https://conda.anaconda.org/conda-forge/linux-64/xorg-libpthread-stubs-0.3-1.tar.bz2
  sha256: 3c235f829419e12ae0b1c6bf2c2da692c65b8d497be09ecd6eb666a9cf45f0de
  md5: ba181a195384844e4e5d1f4d2a8fe885
  license: MIT
  license_family: MIT
  run_exports: {}
  size: 4164
- conda: https://conda.anaconda.org/conda-forge/linux-64/xorg-libx11-1.8.13-he1eb515_1.conda
  sha256: 68053eebfa9f0d91666786c8fb5839d989aa9b869add92cb8815228bb2d7302c
  md5: 8c282bbe4808a3cc80a5c98e9aec1cfc
  depends:
  - __glibc >=2.17,<3.0.a0
  - libgcc >=14
  - libxcb >=1.17.0,<2.0a0
  license: MIT
  license_family: MIT
  run_exports:
    weak:
    - xorg-libx11 >=1.8.13,<2.0a0
  size: 839578
  timestamp: 1787087012372
- conda: https://conda.anaconda.org/conda-forge/linux-64/xorg-libxau-1.0.12-hb03c661_2.conda
  sha256: cbf891f6cc1a859347680af1c8562bc6b033bf182a2a3bb536016932be3206de
  md5: f06ef439c280a5f90b8bf62355008dbc
  depends:
  - __glibc >=2.17,<3.0.a0
  - libgcc >=14
  license: MIT
  license_family: MIT
  run_exports:
    weak:
    - xorg-libxau >=1.0.12,<2.0a0
  size: 16419
  timestamp: 1786381001122
- conda: https://conda.anaconda.org/conda-forge/linux-64/xorg-libxcb-1.12-3.tar.bz2
  sha256: 233fdc49b9a2e8e0554e8fe855ef402834cebec24be1a0fe997d9f7468b20989
  md5: d366f33a0d5e11b88c6bb212ceaa9ca0
  depends:
  - xorg-libpthread-stubs
  - xorg-libxau
  - xorg-libxdmcp
  license: MIT
  license_family: MIT
  run_exports: {}
  size: 465329
- conda: https://conda.anaconda.org/conda-forge/linux-64/xorg-libxcomposite-0.4.7-hb03c661_0.conda
  sha256: 048c103000af9541c919deef03ae7c5e9c570ffb4024b42ecb58dbde402e373a
  md5: f2ba4192d38b6cef2bb2c25029071d90
  depends:
  - __glibc >=2.17,<3.0.a0
  - libgcc >=14
  - xorg-libx11 >=1.8.12,<2.0a0
  - xorg-libxfixes >=6.0.2,<7.0a0
  license: MIT
  license_family: MIT
  run_exports:
    weak:
    - xorg-libxcomposite >=0.4.7,<1.0a0
  size: 14415
  timestamp: 1770044404696
- conda: https://conda.anaconda.org/conda-forge/linux-64/xorg-libxdamage-1.1.6-hb9d3cd8_0.conda
  sha256: 43b9772fd6582bf401846642c4635c47a9b0e36ca08116b3ec3df36ab96e0ec0
  md5: b5fcc7172d22516e1f965490e65e33a4
  depends:
  - __glibc >=2.17,<3.0.a0
  - libgcc >=13
  - xorg-libx11 >=1.8.10,<2.0a0
  - xorg-libxext >=1.3.6,<2.0a0
  - xorg-libxfixes >=6.0.1,<7.0a0
  license: MIT
  license_family: MIT
  run_exports:
    weak:
    - xorg-libxdamage >=1.1.6,<2.0a0
  size: 13217
  timestamp: 1727891438799
- conda: https://conda.anaconda.org/conda-forge/linux-64/xorg-libxdmcp-1.1.5-hb03c661_2.conda
  sha256: c50a16c05ccd7fe7dd6d6cfb539f4e9a491d50f9ed7a5c902fec638f7d0d27be
  md5: 2e66c929f3d879708335b6ea4557c838
  depends:
  - __glibc >=2.17,<3.0.a0
  - libgcc >=14
  license: MIT
  license_family: MIT
  run_exports:
    weak:
    - xorg-libxdmcp >=1.1.5,<2.0a0
  size: 21120
  timestamp: 1786381006369
- conda: https://conda.anaconda.org/conda-forge/linux-64/xorg-libxext-1.3.7-h7cc23a3_1.conda
  sha256: aa9bbe8b278aacc194e280ff5037f9f9a1f2c5b33ed97de8e7f01cfbe90dda43
  md5: e5b6b28536b81b3f4cb20db4668a4642
  depends:
  - __glibc >=2.17,<3.0.a0
  - libgcc >=15
  - xorg-libx11 >=1.8.13,<2.0a0
  license: MIT
  license_family: MIT
  run_exports:
    weak:
    - xorg-libxext >=1.3.7,<2.0a0
  size: 53124
  timestamp: 1787100841900
- conda: https://conda.anaconda.org/conda-forge/linux-64/xorg-libxfixes-6.0.2-h7cc23a3_1.conda
  sha256: aec84f554fc897bf4085c7bc8b8f0740e4c224e13bca3cc51c93e7699d56f83a
  md5: 09132e874fe0e1f5e4492b0b6b904b6e
  depends:
  - __glibc >=2.17,<3.0.a0
  - libgcc >=15
  - xorg-libx11 >=1.8.13,<2.0a0
  license: MIT
  license_family: MIT
  run_exports:
    weak:
    - xorg-libxfixes >=6.0.2,<7.0a0
  size: 21440
  timestamp: 1787248059682
- conda: https://conda.anaconda.org/conda-forge/linux-64/xorg-libxi-1.8.3-h7cc23a3_1.conda
  sha256: a523d71344a2f640efe6fc42b88fc261d9cd389d4f9838a5d42dcdb120c2b0c8
  md5: a1412b2b1184dacda45f8476fef2cc25
  depends:
  - __glibc >=2.17,<3.0.a0
  - libgcc >=15
  - xorg-libx11 >=1.8.13,<2.0a0
  - xorg-libxext >=1.3.7,<2.0a0
  - xorg-libxfixes >=6.0.2,<7.0a0
  license: MIT
  license_family: MIT
  run_exports:
    weak:
    - xorg-libxi >=1.8.3,<2.0a0
  size: 49165
  timestamp: 1787257060460
- conda: https://conda.anaconda.org/conda-forge/linux-64/xorg-libxrandr-1.5.5-h7cc23a3_1.conda
  sha256: 05a7f25d7f7f5cd32b27a019233ece97167fd8ade255bc13a0e49e53387f4c30
  md5: 798a8c9d171859a022e1cb89e7d0eb10
  depends:
  - __glibc >=2.17,<3.0.a0
  - libgcc >=15
  - xorg-libx11 >=1.8.13,<2.0a0
  - xorg-libxext >=1.3.7,<2.0a0
  - xorg-libxrender >=0.9.12,<0.10.0a0
  license: MIT
  license_family: MIT
  run_exports:
    weak:
    - xorg-libxrandr >=1.5.5,<2.0a0
  size: 31106
  timestamp: 1787246614086
- conda: https://conda.anaconda.org/conda-forge/linux-64/xorg-libxrender-0.9.12-hb03c661_1.conda
  sha256: 6901f91d398811e4ec89d7e20a69abac02a7bfebfaf073338b7ea3d1a99685b7
  md5: e470d224a7a5be1b1d021bded7abb536
  depends:
  - __glibc >=2.17,<3.0.a0
  - libgcc >=14
  - xorg-libx11 >=1.8.13,<2.0a0
  license: MIT
  license_family: MIT
  run_exports:
    weak:
    - xorg-libxrender >=0.9.12,<0.10.0a0
  size: 34645
  timestamp: 1787100191192
- conda: https://conda.anaconda.org/conda-forge/linux-64/xorg-libxtst-1.2.5-h7cc23a3_4.conda
  sha256: d66525e7b1c492aa179c6c55610fc8dfb0a9a62ea7d4fb9f904fa6af62127f61
  md5: 752a5ac9322e0fbbc24146c1ce3ae44e
  depends:
  - __glibc >=2.17,<3.0.a0
  - libgcc >=15
  - xorg-libx11 >=1.8.13,<2.0a0
  - xorg-libxext >=1.3.7,<2.0a0
  - xorg-libxi >=1.8.3,<2.0a0
  license: MIT
  license_family: MIT
  run_exports:
    weak:
    - xorg-libxtst >=1.2.5,<2.0a0
  size: 35052
  timestamp: 1787360025506
- conda: https://conda.anaconda.org/conda-forge/linux-64/zstd-1.5.7-hb78ec9c_7.conda
  sha256: 47d682b9f6d6ec9eb1a6e6c3e75ea6273e899e78fb7fc59f81d39745009fbc60
  md5: aa459086047c0e5e27023ab19f8cb86a
  depends:
  - __glibc >=2.17,<3.0.a0
  - libzlib >=1.3.2,<2.0a0
  license: BSD-3-Clause
  license_family: BSD
  run_exports:
    weak:
    - zstd >=1.5.7,<1.6.0a0
  size: 601301
  timestamp: 1786599621503
- conda: https://conda.anaconda.org/conda-forge/noarch/ca-certificates-2026.7.22-hbd8a1cb_0.conda
  sha256: 0a0544cf95f64394fe4959286f5c71f5444ad58feb0602e53becb27448d24da6
  md5: 0f51e2391ade309db462a55611263e9c
  depends:
  - __unix
  license: ISC
  run_exports: {}
  size: 131780
  timestamp: 1784754889428
- conda: https://conda.anaconda.org/conda-forge/noarch/packaging-26.3-pyhc364b38_0.conda
  sha256: c432626b16768b8dab228bfb706f7060c2d462a21c516d240f68f2f902b5a044
  md5: 936687ed80f295a1f5dbcf8bd34c252c
  depends:
  - python >=3.9
  - python
  license: Apache-2.0
  license_family: APACHE
  run_exports: {}
  size: 116363
  timestamp: 1785888127370
- conda: https://conda.anaconda.org/conda-forge/noarch/python_abi-3.14-9_cp314.conda
  build_number: 9
  sha256: e7f8e965bbfb98e08feb2365cacdad8bb218fa5b5a0a2752f747287f425f213c
  md5: 350d89b50d7de805abf2e63e29dee451
  constrains:
  - python 3.14.* *_cp314
  license: BSD-3-Clause
  license_family: BSD
  run_exports: {}
  size: 6791
  timestamp: 1788302824440
- conda: https://conda.anaconda.org/conda-forge/noarch/tzdata-2026c-h151e31d_0.conda
  sha256: b928c30ddcb0e3f544c6eade8352737e6e610e263276b90232db6a578ef899d8
  md5: fcb489df604d100968b737f2cb6076c6
  license: LicenseRef-Public-Domain
  run_exports: {}
  size: 118849
  timestamp: 1784250406640
